
Microsoft Visual Studio Solution File, Format Version 12.00
# Visual Studio Version 16
VisualStudioVersion = 16.0.29215.179
MinimumVisualStudioVersion = 10.0.40219.1
Project("{FAE04EC0-301F-11D3-BF4B-00C04F79EFBC}") = "TwentyOneGame", "TwentyOneGame\TwentyOneGame.csproj", "{DC3AE509-57E7-4CF4-84CB-35FAE297919E}"
EndProject
Global
	GlobalSection(SolutionConfigurationPlatforms) = preSolution
		Debug|Any CPU = Debug|Any CPU
		Release|Any CPU = Release|Any CPU
	EndGlobalSection
	GlobalSection(ProjectConfigurationPlatforms) = postSolution
		{DC3AE509-57E7-4CF4-84CB-35FAE297919E}.Debug|Any CPU.ActiveCfg = Debug|Any CPU
		{DC3AE509-57E7-4CF4-84CB-35FAE297919E}.Debug|Any CPU.Build.0 = Debug|Any CPU
		{DC3AE509-57E7-4CF4-84CB-35FAE297919E}.Release|Any CPU.ActiveCfg = Release|Any CPU
		{DC3AE509-57E7-4CF4-84CB-35FAE297919E}.Release|Any CPU.Build.0 = Release|Any CPU
	EndGlobalSection
	GlobalSection(SolutionProperties) = preSolution
		HideSolutionNode = FALSE
	EndGlobalSection
	GlobalSection(ExtensibilityGlobals) = postSolution
		SolutionGuid = {B44BED6B-F324-4717-8C06-298E5337BC6E}
	EndGlobalSection
EndGlobal
