
Microsoft Visual Studio Solution File, Format Version 12.00
# Visual Studio Version 16
VisualStudioVersion = 16.0.29215.179
MinimumVisualStudioVersion = 10.0.40219.1
Project("{FAE04EC0-301F-11D3-BF4B-00C04F79EFBC}") = "DRILL_126_129_Classes", "DRILL_126_129_131_Classes_OOP\DRILL_126_129_Classes.csproj", "{2512C950-5CDF-46A8-9F79-F07D2A526AEC}"
EndProject
Global
	GlobalSection(SolutionConfigurationPlatforms) = preSolution
		Debug|Any CPU = Debug|Any CPU
		Release|Any CPU = Release|Any CPU
	EndGlobalSection
	GlobalSection(ProjectConfigurationPlatforms) = postSolution
		{2512C950-5CDF-46A8-9F79-F07D2A526AEC}.Debug|Any CPU.ActiveCfg = Debug|Any CPU
		{2512C950-5CDF-46A8-9F79-F07D2A526AEC}.Debug|Any CPU.Build.0 = Debug|Any CPU
		{2512C950-5CDF-46A8-9F79-F07D2A526AEC}.Release|Any CPU.ActiveCfg = Release|Any CPU
		{2512C950-5CDF-46A8-9F79-F07D2A526AEC}.Release|Any CPU.Build.0 = Release|Any CPU
	EndGlobalSection
	GlobalSection(SolutionProperties) = preSolution
		HideSolutionNode = FALSE
	EndGlobalSection
	GlobalSection(ExtensibilityGlobals) = postSolution
		SolutionGuid = {DBE1A69B-83FA-47D6-865F-4556E0167BD6}
	EndGlobalSection
EndGlobal
