
Microsoft Visual Studio Solution File, Format Version 12.00
# Visual Studio Version 16
VisualStudioVersion = 16.0.29215.179
MinimumVisualStudioVersion = 10.0.40219.1
Project("{FAE04EC0-301F-11D3-BF4B-00C04F79EFBC}") = "VariablesAndDataTypes", "VariablesAndDataTypes\VariablesAndDataTypes.csproj", "{6383F60A-54DF-4F26-88A4-9C94B7CCA1B0}"
EndProject
Global
	GlobalSection(SolutionConfigurationPlatforms) = preSolution
		Debug|Any CPU = Debug|Any CPU
		Release|Any CPU = Release|Any CPU
	EndGlobalSection
	GlobalSection(ProjectConfigurationPlatforms) = postSolution
		{6383F60A-54DF-4F26-88A4-9C94B7CCA1B0}.Debug|Any CPU.ActiveCfg = Debug|Any CPU
		{6383F60A-54DF-4F26-88A4-9C94B7CCA1B0}.Debug|Any CPU.Build.0 = Debug|Any CPU
		{6383F60A-54DF-4F26-88A4-9C94B7CCA1B0}.Release|Any CPU.ActiveCfg = Release|Any CPU
		{6383F60A-54DF-4F26-88A4-9C94B7CCA1B0}.Release|Any CPU.Build.0 = Release|Any CPU
	EndGlobalSection
	GlobalSection(SolutionProperties) = preSolution
		HideSolutionNode = FALSE
	EndGlobalSection
	GlobalSection(ExtensibilityGlobals) = postSolution
		SolutionGuid = {A78B1D49-039F-47CF-9AED-39A0A0177D07}
	EndGlobalSection
EndGlobal
