
Microsoft Visual Studio Solution File, Format Version 12.00
# Visual Studio Version 16
VisualStudioVersion = 16.0.29215.179
MinimumVisualStudioVersion = 10.0.40219.1
Project("{FAE04EC0-301F-11D3-BF4B-00C04F79EFBC}") = "TechAcadStudentsMVC", "TechAcadStudentsMVC\TechAcadStudentsMVC.csproj", "{EF1AEB48-406C-483D-BE18-2258B9E70CA3}"
EndProject
Global
	GlobalSection(SolutionConfigurationPlatforms) = preSolution
		Debug|Any CPU = Debug|Any CPU
		Release|Any CPU = Release|Any CPU
	EndGlobalSection
	GlobalSection(ProjectConfigurationPlatforms) = postSolution
		{EF1AEB48-406C-483D-BE18-2258B9E70CA3}.Debug|Any CPU.ActiveCfg = Debug|Any CPU
		{EF1AEB48-406C-483D-BE18-2258B9E70CA3}.Debug|Any CPU.Build.0 = Debug|Any CPU
		{EF1AEB48-406C-483D-BE18-2258B9E70CA3}.Release|Any CPU.ActiveCfg = Release|Any CPU
		{EF1AEB48-406C-483D-BE18-2258B9E70CA3}.Release|Any CPU.Build.0 = Release|Any CPU
	EndGlobalSection
	GlobalSection(SolutionProperties) = preSolution
		HideSolutionNode = FALSE
	EndGlobalSection
	GlobalSection(ExtensibilityGlobals) = postSolution
		SolutionGuid = {E06C1560-AE0C-4FFB-B356-4829A42C0C53}
	EndGlobalSection
EndGlobal
