
Microsoft Visual Studio Solution File, Format Version 12.00
# Visual Studio Version 16
VisualStudioVersion = 16.0.29215.179
MinimumVisualStudioVersion = 10.0.40219.1
Project("{FAE04EC0-301F-11D3-BF4B-00C04F79EFBC}") = "DRILL_162_Contructors_AdditionalFeat", "DRILL_162_Contructors_AdditionalFeat\DRILL_162_Contructors_AdditionalFeat.csproj", "{3D24FB80-DA9F-4AF3-A0AB-FAB87D5095EB}"
EndProject
Global
	GlobalSection(SolutionConfigurationPlatforms) = preSolution
		Debug|Any CPU = Debug|Any CPU
		Release|Any CPU = Release|Any CPU
	EndGlobalSection
	GlobalSection(ProjectConfigurationPlatforms) = postSolution
		{3D24FB80-DA9F-4AF3-A0AB-FAB87D5095EB}.Debug|Any CPU.ActiveCfg = Debug|Any CPU
		{3D24FB80-DA9F-4AF3-A0AB-FAB87D5095EB}.Debug|Any CPU.Build.0 = Debug|Any CPU
		{3D24FB80-DA9F-4AF3-A0AB-FAB87D5095EB}.Release|Any CPU.ActiveCfg = Release|Any CPU
		{3D24FB80-DA9F-4AF3-A0AB-FAB87D5095EB}.Release|Any CPU.Build.0 = Release|Any CPU
	EndGlobalSection
	GlobalSection(SolutionProperties) = preSolution
		HideSolutionNode = FALSE
	EndGlobalSection
	GlobalSection(ExtensibilityGlobals) = postSolution
		SolutionGuid = {E4B177B1-1272-4475-9C8B-5811E03B7C95}
	EndGlobalSection
EndGlobal
