
Microsoft Visual Studio Solution File, Format Version 12.00
# Visual Studio Version 16
VisualStudioVersion = 16.0.29215.179
MinimumVisualStudioVersion = 10.0.40219.1
Project("{FAE04EC0-301F-11D3-BF4B-00C04F79EFBC}") = "DRILL_115_Class_Methods(OptionalParameters)", "DRILL_115_Class_Methods(OptionalParameters)\DRILL_115_Class_Methods(OptionalParameters).csproj", "{DFA8B4EE-0C83-439C-B47A-107093C7167F}"
EndProject
Global
	GlobalSection(SolutionConfigurationPlatforms) = preSolution
		Debug|Any CPU = Debug|Any CPU
		Release|Any CPU = Release|Any CPU
	EndGlobalSection
	GlobalSection(ProjectConfigurationPlatforms) = postSolution
		{DFA8B4EE-0C83-439C-B47A-107093C7167F}.Debug|Any CPU.ActiveCfg = Debug|Any CPU
		{DFA8B4EE-0C83-439C-B47A-107093C7167F}.Debug|Any CPU.Build.0 = Debug|Any CPU
		{DFA8B4EE-0C83-439C-B47A-107093C7167F}.Release|Any CPU.ActiveCfg = Release|Any CPU
		{DFA8B4EE-0C83-439C-B47A-107093C7167F}.Release|Any CPU.Build.0 = Release|Any CPU
	EndGlobalSection
	GlobalSection(SolutionProperties) = preSolution
		HideSolutionNode = FALSE
	EndGlobalSection
	GlobalSection(ExtensibilityGlobals) = postSolution
		SolutionGuid = {2719810E-E746-423C-909F-653F1194AB49}
	EndGlobalSection
EndGlobal
