
Microsoft Visual Studio Solution File, Format Version 12.00
# Visual Studio Version 16
VisualStudioVersion = 16.0.29215.179
MinimumVisualStudioVersion = 10.0.40219.1
Project("{FAE04EC0-301F-11D3-BF4B-00C04F79EFBC}") = "DRILL_103", "DRILL_103\DRILL_103.csproj", "{E11B6F8D-7B75-4195-A792-D2257683C50D}"
EndProject
Global
	GlobalSection(SolutionConfigurationPlatforms) = preSolution
		Debug|Any CPU = Debug|Any CPU
		Release|Any CPU = Release|Any CPU
	EndGlobalSection
	GlobalSection(ProjectConfigurationPlatforms) = postSolution
		{E11B6F8D-7B75-4195-A792-D2257683C50D}.Debug|Any CPU.ActiveCfg = Debug|Any CPU
		{E11B6F8D-7B75-4195-A792-D2257683C50D}.Debug|Any CPU.Build.0 = Debug|Any CPU
		{E11B6F8D-7B75-4195-A792-D2257683C50D}.Release|Any CPU.ActiveCfg = Release|Any CPU
		{E11B6F8D-7B75-4195-A792-D2257683C50D}.Release|Any CPU.Build.0 = Release|Any CPU
	EndGlobalSection
	GlobalSection(SolutionProperties) = preSolution
		HideSolutionNode = FALSE
	EndGlobalSection
	GlobalSection(ExtensibilityGlobals) = postSolution
		SolutionGuid = {59647F90-0EAA-4BBB-B248-93E80FA617EE}
	EndGlobalSection
EndGlobal
